[root]
name = "minigrep"
version = "0.1.0"
dependencies = [
 "indoc 0.2.1 (registry+https://github.com/rust-lang/crates.io-index)",
]

[[package]]
name = "indoc"
version = "0.2.1"
source = "registry+https://github.com/rust-lang/crates.io-index"
dependencies = [
 "indoc-impl 0.2.1 (registry+https://github.com/rust-lang/crates.io-index)",
 "proc-macro-hack 0.3.3 (registry+https://github.com/rust-lang/crates.io-index)",
]

[[package]]
name = "indoc-impl"
version = "0.2.1"
source = "registry+https://github.com/rust-lang/crates.io-index"
dependencies = [
 "proc-macro-hack 0.3.3 (registry+https://github.com/rust-lang/crates.io-index)",
 "quote 0.3.15 (registry+https://github.com/rust-lang/crates.io-index)",
 "syn 0.11.11 (registry+https://github.com/rust-lang/crates.io-index)",
 "unindent 0.1.2 (registry+https://github.com/rust-lang/crates.io-index)",
]

[[package]]
name = "proc-macro-hack"
version = "0.3.3"
source = "registry+https://github.com/rust-lang/crates.io-index"
dependencies = [
 "proc-macro-hack-impl 0.3.3 (registry+https://github.com/rust-lang/crates.io-index)",
]

[[package]]
name = "proc-macro-hack-impl"
version = "0.3.3"
source = "registry+https://github.com/rust-lang/crates.io-index"

[[package]]
name = "quote"
version = "0.3.15"
source = "registry+https://github.com/rust-lang/crates.io-index"

[[package]]
name = "syn"
version = "0.11.11"
source = "registry+https://github.com/rust-lang/crates.io-index"
dependencies = [
 "quote 0.3.15 (registry+https://github.com/rust-lang/crates.io-index)",
 "synom 0.11.3 (registry+https://github.com/rust-lang/crates.io-index)",
 "unicode-xid 0.0.4 (registry+https://github.com/rust-lang/crates.io-index)",
]

[[package]]
name = "synom"
version = "0.11.3"
source = "registry+https://github.com/rust-lang/crates.io-index"
dependencies = [
 "unicode-xid 0.0.4 (registry+https://github.com/rust-lang/crates.io-index)",
]

[[package]]
name = "unicode-xid"
version = "0.0.4"
source = "registry+https://github.com/rust-lang/crates.io-index"

[[package]]
name = "unindent"
version = "0.1.2"
source = "registry+https://github.com/rust-lang/crates.io-index"

[metadata]
"checksum indoc 0.2.1 (registry+https://github.com/rust-lang/crates.io-index)" = "1a2a61fdf5a4203da6f201722d77e9d3d8e934e0ab3004a8b16277cd6f256076"
"checksum indoc-impl 0.2.1 (registry+https://github.com/rust-lang/crates.io-index)" = "b49e879d5e5ea07a4702ad19723ce42196d0248f6c7ed03f0d9836ab77cc6eac"
"checksum proc-macro-hack 0.3.3 (registry+https://github.com/rust-lang/crates.io-index)" = "b773f824ff2a495833f85fcdddcf85e096949971decada2e93249fa2c6c3d32f"
"checksum proc-macro-hack-impl 0.3.3 (registry+https://github.com/rust-lang/crates.io-index)" = "0f674ccc446da486175527473ec8aa064f980b0966bbf767ee743a5dff6244a7"
"checksum quote 0.3.15 (registry+https://github.com/rust-lang/crates.io-index)" = "7a6e920b65c65f10b2ae65c831a81a073a89edd28c7cce89475bff467ab4167a"
"checksum syn 0.11.11 (registry+https://github.com/rust-lang/crates.io-index)" = "d3b891b9015c88c576343b9b3e41c2c11a51c219ef067b264bd9c8aa9b441dad"
"checksum synom 0.11.3 (registry+https://github.com/rust-lang/crates.io-index)" = "a393066ed9010ebaed60b9eafa373d4b1baac186dd7e008555b0f702b51945b6"
"checksum unicode-xid 0.0.4 (registry+https://github.com/rust-lang/crates.io-index)" = "8c1f860d7d29cf02cb2f3f359fd35991af3d30bac52c57d265a3c461074cb4dc"
"checksum unindent 0.1.2 (registry+https://github.com/rust-lang/crates.io-index)" = "10743f62eafa8863b3dbb35cd6abbb609c963dd98940142a85bc530b753e33a4"
